
Microsoft Visual Studio Solution File, Format Version 12.00
# Visual Studio Version 17
VisualStudioVersion = 17.9.34701.34
MinimumVisualStudioVersion = 10.0.40219.1
Project("{8BC9CEB8-8B4A-11D0-8D11-00A0C91BC942}") = "CreditOrganizer", "CreditOrganizer.vcxproj", "{D01DF7B6-05A0-4B74-A462-510A40C2AA43}"
EndProject
Global
	GlobalSection(SolutionConfigurationPlatforms) = preSolution
		Debug|x64 = Debug|x64
		Debug|x86 = Debug|x86
		Release|x64 = Release|x64
		Release|x86 = Release|x86
	EndGlobalSection
	GlobalSection(ProjectConfigurationPlatforms) = postSolution
		{D01DF7B6-05A0-4B74-A462-510A40C2AA43}.Debug|x64.ActiveCfg = Debug|x64
		{D01DF7B6-05A0-4B74-A462-510A40C2AA43}.Debug|x64.Build.0 = Debug|x64
		{D01DF7B6-05A0-4B74-A462-510A40C2AA43}.Debug|x86.ActiveCfg = Debug|Win32
		{D01DF7B6-05A0-4B74-A462-510A40C2AA43}.Debug|x86.Build.0 = Debug|Win32
		{D01DF7B6-05A0-4B74-A462-510A40C2AA43}.Release|x64.ActiveCfg = Release|x64
		{D01DF7B6-05A0-4B74-A462-510A40C2AA43}.Release|x64.Build.0 = Release|x64
		{D01DF7B6-05A0-4B74-A462-510A40C2AA43}.Release|x86.ActiveCfg = Release|Win32
		{D01DF7B6-05A0-4B74-A462-510A40C2AA43}.Release|x86.Build.0 = Release|Win32
	EndGlobalSection
	GlobalSection(SolutionProperties) = preSolution
		HideSolutionNode = FALSE
	EndGlobalSection
	GlobalSection(ExtensibilityGlobals) = postSolution
		SolutionGuid = {42B4053C-4EF7-44F0-86D5-4E575B40C589}
	EndGlobalSection
EndGlobal
